
Microsoft Visual Studio Solution File, Format Version 12.00
# Visual Studio Version 17
VisualStudioVersion = 17.3.32929.385
MinimumVisualStudioVersion = 10.0.40219.1
Project("{9A19103F-16F7-4668-BE54-9A1E7A4F7556}") = "Omukade.AutoPAR", "Omukade.AutoPAR\Omukade.AutoPAR.csproj", "{ED79F4B7-0C89-4F8D-A15B-F9CBE96D7902}"
EndProject
Project("{2150E333-8FDC-42A3-9474-1A3956D46DE8}") = "Solution Items", "Solution Items", "{7B34EA4D-55EE-4222-BC4A-21D2F937C513}"
	ProjectSection(SolutionItems) = preProject
		.gitignore = .gitignore
		LICENSE.txt = LICENSE.txt
		logo.png = logo.png
		package-icon.png = package-icon.png
		README.md = README.md
	EndProjectSection
EndProject
Project("{9A19103F-16F7-4668-BE54-9A1E7A4F7556}") = "Omukade.ManualPAR", "Omukade.ManualPAR\Omukade.ManualPAR.csproj", "{4E77C5AE-BC0A-4ED9-8512-88ACD7B76235}"
EndProject
Project("{9A19103F-16F7-4668-BE54-9A1E7A4F7556}") = "Omukade.AutoPAR.Tests", "Omukade.AutoPAR.Tests\Omukade.AutoPAR.Tests.csproj", "{36E55821-D560-404C-B6BE-355DAE1E677D}"
EndProject
Project("{FAE04EC0-301F-11D3-BF4B-00C04F79EFBC}") = "Omukade.AutoPAR.BuildPipeline.Rainier", "Omukade.AutoPAR.BuildPipeline.Rainier\Omukade.AutoPAR.BuildPipeline.Rainier.csproj", "{4EA0FDF2-598B-4AF8-9474-1DA96410A554}"
EndProject
Global
	GlobalSection(SolutionConfigurationPlatforms) = preSolution
		Debug|Any CPU = Debug|Any CPU
		Release|Any CPU = Release|Any CPU
	EndGlobalSection
	GlobalSection(ProjectConfigurationPlatforms) = postSolution
		{ED79F4B7-0C89-4F8D-A15B-F9CBE96D7902}.Debug|Any CPU.ActiveCfg = Debug|Any CPU
		{ED79F4B7-0C89-4F8D-A15B-F9CBE96D7902}.Debug|Any CPU.Build.0 = Debug|Any CPU
		{ED79F4B7-0C89-4F8D-A15B-F9CBE96D7902}.Release|Any CPU.ActiveCfg = Release|Any CPU
		{ED79F4B7-0C89-4F8D-A15B-F9CBE96D7902}.Release|Any CPU.Build.0 = Release|Any CPU
		{4E77C5AE-BC0A-4ED9-8512-88ACD7B76235}.Debug|Any CPU.ActiveCfg = Debug|Any CPU
		{4E77C5AE-BC0A-4ED9-8512-88ACD7B76235}.Debug|Any CPU.Build.0 = Debug|Any CPU
		{4E77C5AE-BC0A-4ED9-8512-88ACD7B76235}.Release|Any CPU.ActiveCfg = Release|Any CPU
		{4E77C5AE-BC0A-4ED9-8512-88ACD7B76235}.Release|Any CPU.Build.0 = Release|Any CPU
		{36E55821-D560-404C-B6BE-355DAE1E677D}.Debug|Any CPU.ActiveCfg = Debug|Any CPU
		{36E55821-D560-404C-B6BE-355DAE1E677D}.Debug|Any CPU.Build.0 = Debug|Any CPU
		{36E55821-D560-404C-B6BE-355DAE1E677D}.Release|Any CPU.ActiveCfg = Release|Any CPU
		{36E55821-D560-404C-B6BE-355DAE1E677D}.Release|Any CPU.Build.0 = Release|Any CPU
		{4EA0FDF2-598B-4AF8-9474-1DA96410A554}.Debug|Any CPU.ActiveCfg = Debug|Any CPU
		{4EA0FDF2-598B-4AF8-9474-1DA96410A554}.Debug|Any CPU.Build.0 = Debug|Any CPU
		{4EA0FDF2-598B-4AF8-9474-1DA96410A554}.Release|Any CPU.ActiveCfg = Release|Any CPU
		{4EA0FDF2-598B-4AF8-9474-1DA96410A554}.Release|Any CPU.Build.0 = Release|Any CPU
	EndGlobalSection
	GlobalSection(SolutionProperties) = preSolution
		HideSolutionNode = FALSE
	EndGlobalSection
	GlobalSection(ExtensibilityGlobals) = postSolution
		SolutionGuid = {71F25D36-545A-4C63-A42D-438B307E1EF2}
	EndGlobalSection
EndGlobal
